{
  "name": "sanketly",
  "version": "1.0.0",
  "lockfileVersion": 3,
  "requires": true,
  "packages": {
    "": {
      "name": "sanketly",
      "version": "1.0.0",
      "dependencies": {
        "@wireapp/proteus": "^9.13.0",
        "libsodium-wrappers-sumo": "^0.8.4"
      }
    },
    "node_modules/@types/libsodium-wrappers": {
      "version": "0.7.14",
      "resolved": "https://registry.npmjs.org/@types/libsodium-wrappers/-/libsodium-wrappers-0.7.14.tgz",
      "integrity": "sha512-5Kv68fXuXK0iDuUir1WPGw2R9fOZUlYlSAa0ztMcL0s0BfIDTqg9GXz8K30VJpPP3sxWhbolnQma2x+/TfkzDQ==",
      "license": "MIT"
    },
    "node_modules/@types/libsodium-wrappers-sumo": {
      "version": "0.7.5",
      "resolved": "https://registry.npmjs.org/@types/libsodium-wrappers-sumo/-/libsodium-wrappers-sumo-0.7.5.tgz",
      "integrity": "sha512-CL7rmLxw28H/FpFUnMu5BzzRsE+ICxHBpRoaY8ks+3HMsCJdA/Vp809sj+qNhw64Ht0OEnfoN3BC1sHwagoVaw==",
      "license": "MIT",
      "dependencies": {
        "@types/libsodium-wrappers": "*"
      }
    },
    "node_modules/@types/node": {
      "version": "14.18.63",
      "resolved": "https://registry.npmjs.org/@types/node/-/node-14.18.63.tgz",
      "integrity": "sha512-fAtCfv4jJg+ExtXhvCkCqUKZ+4ok/JQk01qDKhL5BDDoS3AxKXhV5/MAVUZyQnSEd2GT92fkgZl0pz0Q0AzcIQ==",
      "license": "MIT"
    },
    "node_modules/@wireapp/cbor": {
      "version": "4.7.3",
      "resolved": "https://registry.npmjs.org/@wireapp/cbor/-/cbor-4.7.3.tgz",
      "integrity": "sha512-RmD+k3EkiOqovqRX1mXplyfHS5/YKb20Wc4ucfKPvzHyfDhCmCPH1bV7jaZp87WrYWyGu0xBTfG+3USw60d0Kg==",
      "license": "GPL-3.0"
    },
    "node_modules/@wireapp/proteus": {
      "version": "9.13.0",
      "resolved": "https://registry.npmjs.org/@wireapp/proteus/-/proteus-9.13.0.tgz",
      "integrity": "sha512-9/fGaPQi7MbKLBrzCM7CFQ4k94DcxbTd0ztGK75PhHqUxY8eiAtFYva5bASlpGVe3+KD5b+luCUsERRdG7Y1KA==",
      "license": "GPL-3.0",
      "dependencies": {
        "@types/libsodium-wrappers-sumo": "0.7.5",
        "@types/node": "~14",
        "@wireapp/cbor": "4.7.3",
        "libsodium-wrappers-sumo": "0.7.9"
      }
    },
    "node_modules/@wireapp/proteus/node_modules/libsodium-sumo": {
      "version": "0.7.16",
      "resolved": "https://registry.npmjs.org/libsodium-sumo/-/libsodium-sumo-0.7.16.tgz",
      "integrity": "sha512-x6atrz2AdXCJg6G709x9W9TTJRI6/0NcL5dD0l5GGVqNE48UJmDsjO4RUWYTeyXXUpg+NXZ2SHECaZnFRYzwGA==",
      "license": "ISC"
    },
    "node_modules/@wireapp/proteus/node_modules/libsodium-wrappers-sumo": {
      "version": "0.7.9",
      "resolved": "https://registry.npmjs.org/libsodium-wrappers-sumo/-/libsodium-wrappers-sumo-0.7.9.tgz",
      "integrity": "sha512-XLgLkqY973PngrRElbjOH0y7bJKYEfMWVpWPmW5iuhBjO6zXvHYQWtN52MVEeie/h98ZXN1Aw9BE+GzxQVAfLg==",
      "license": "ISC",
      "dependencies": {
        "libsodium-sumo": "^0.7.0"
      }
    },
    "node_modules/libsodium-sumo": {
      "version": "0.8.4",
      "resolved": "https://registry.npmjs.org/libsodium-sumo/-/libsodium-sumo-0.8.4.tgz",
      "integrity": "sha512-TMtHShQfVVsaxDygyapvUC3o7YsPgXa/hRWeIgzyFz6w5k/1hirGptCxp1U7XwW3rCskaTTYKgV10v86UiGgNw==",
      "license": "ISC"
    },
    "node_modules/libsodium-wrappers-sumo": {
      "version": "0.8.4",
      "resolved": "https://registry.npmjs.org/libsodium-wrappers-sumo/-/libsodium-wrappers-sumo-0.8.4.tgz",
      "integrity": "sha512-ql7hcgulKZ3ekfa2DGAogcCKsWU0diA/0nArz1CFzh93WQdb46/Kj18ka/Hifq6uA3Ush34Pc6vU/6HXeRwUkg==",
      "license": "ISC",
      "dependencies": {
        "libsodium-sumo": "^0.8.0"
      }
    }
  }
}
